schema: '2.0'
stages:
  data_ingestion:
    cmd: python src/data_ingestion.py
    deps:
    - path: src/data_ingestion.py
      hash: md5
      md5: 9a96f1ecf5040ec6befc64118a598735
      size: 3695
    params:
      params.yaml:
        data_ingestion.test_size: 0.2
    outs:
    - path: data/raw
      hash: md5
      md5: 1a287d34dc172d9f950c03dae35f7e73.dir
      size: 484846
      nfiles: 2
  data_preprocessing:
    cmd: python src/data_preprocessing.py
    deps:
    - path: data/raw
      hash: md5
      md5: 1a287d34dc172d9f950c03dae35f7e73.dir
      size: 484846
      nfiles: 2
    - path: src/data_preprocessing.py
      hash: md5
      md5: c4e9dc102de1e83daf902c9b55d78b38
      size: 3981
    outs:
    - path: data/interim
      hash: md5
      md5: 40cb848ce71a81c4f582d99fa6f0a9e8.dir
      size: 260026
      nfiles: 2
  feature_engineering:
    cmd: python src/feature_engineering.py
    deps:
    - path: data/interim
      hash: md5
      md5: 40cb848ce71a81c4f582d99fa6f0a9e8.dir
      size: 260026
      nfiles: 2
    - path: src/feature_engineering.py
      hash: md5
      md5: cf8448c21ab5f64a81b288de0c331814
      size: 3910
    params:
      params.yaml:
        feature_engineering.max_features: 35
    outs:
    - path: data/processed
      hash: md5
      md5: 1c21480115da0aa2cf7b71f23ac6d82b.dir
      size: 834746
      nfiles: 2
  model_building:
    cmd: python src/model_building.py
    deps:
    - path: data/processed
      hash: md5
      md5: 1c21480115da0aa2cf7b71f23ac6d82b.dir
      size: 834746
      nfiles: 2
    - path: src/model_building.py
      hash: md5
      md5: 99de29e953da71df5a2648b4ec87ea89
      size: 4630
    params:
      params.yaml:
        model_building.n_estimators: 22
        model_building.random_state: 2
    outs:
    - path: models/model.pkl
      hash: md5
      md5: 95a1d47dc04a6e44f9cdad813bd4fd5a
      size: 648774
  model_evaluation:
    cmd: python src/model_evaluation.py
    deps:
    - path: models/model.pkl
      hash: md5
      md5: 95a1d47dc04a6e44f9cdad813bd4fd5a
      size: 648774
    - path: src/model_evaluation.py
      hash: md5
      md5: dfff314b571885d6744576eeea870131
      size: 4640
    outs:
    - path: reports/metrics.json
      hash: md5
      md5: abba219d58644dde3de017d8eedbd8b8
      size: 145
